<?xml version="1.0" encoding="UTF-8"?>
<CodeBlocks_project_file>
	<FileVersion major="1" minor="6"/>
	<Project>
		<Option title="siyah1"/>
		<Option makefile_is_custom="1"/>
		<Option compiler="gcc"/>
		<Option virtualFolders="CMake Files\;"/>
		<Build>
			<Target title="all">
				<Option working_dir="/Users/bulut/CLionProjects/siyah1"/>
				<Option type="4"/>
				<MakeCommands>
					<Build command="/usr/bin/make -f &quot;/Users/bulut/CLionProjects/siyah1/Makefile&quot;  VERBOSE=1 all"/>
					<CompileFile command="/usr/bin/make -f &quot;/Users/bulut/CLionProjects/siyah1/Makefile&quot;  VERBOSE=1 &quot;$file&quot;"/>
					<Clean command="/usr/bin/make -f &quot;/Users/bulut/CLionProjects/siyah1/Makefile&quot;  VERBOSE=1 clean"/>
					<DistClean command="/usr/bin/make -f &quot;/Users/bulut/CLionProjects/siyah1/Makefile&quot;  VERBOSE=1 clean"/>
				</MakeCommands>
			</Target>
			<Target title="rebuild_cache">
				<Option working_dir="/Users/bulut/CLionProjects/siyah1"/>
				<Option type="4"/>
				<MakeCommands>
					<Build command="/usr/bin/make -f &quot;/Users/bulut/CLionProjects/siyah1/Makefile&quot;  VERBOSE=1 rebuild_cache"/>
					<CompileFile command="/usr/bin/make -f &quot;/Users/bulut/CLionProjects/siyah1/Makefile&quot;  VERBOSE=1 &quot;$file&quot;"/>
					<Clean command="/usr/bin/make -f &quot;/Users/bulut/CLionProjects/siyah1/Makefile&quot;  VERBOSE=1 clean"/>
					<DistClean command="/usr/bin/make -f &quot;/Users/bulut/CLionProjects/siyah1/Makefile&quot;  VERBOSE=1 clean"/>
				</MakeCommands>
			</Target>
			<Target title="edit_cache">
				<Option working_dir="/Users/bulut/CLionProjects/siyah1"/>
				<Option type="4"/>
				<MakeCommands>
					<Build command="/usr/bin/make -f &quot;/Users/bulut/CLionProjects/siyah1/Makefile&quot;  VERBOSE=1 edit_cache"/>
					<CompileFile command="/usr/bin/make -f &quot;/Users/bulut/CLionProjects/siyah1/Makefile&quot;  VERBOSE=1 &quot;$file&quot;"/>
					<Clean command="/usr/bin/make -f &quot;/Users/bulut/CLionProjects/siyah1/Makefile&quot;  VERBOSE=1 clean"/>
					<DistClean command="/usr/bin/make -f &quot;/Users/bulut/CLionProjects/siyah1/Makefile&quot;  VERBOSE=1 clean"/>
				</MakeCommands>
			</Target>
			<Target title="veli">
				<Option output="/Users/bulut/CLionProjects/siyah1/veli" prefix_auto="0" extension_auto="0"/>
				<Option working_dir="/Users/bulut/CLionProjects/siyah1"/>
				<Option object_output="./"/>
				<Option type="1"/>
				<Option compiler="gcc"/>
				<Compiler/>
				<MakeCommands>
					<Build command="/usr/bin/make -f &quot;/Users/bulut/CLionProjects/siyah1/Makefile&quot;  VERBOSE=1 veli"/>
					<CompileFile command="/usr/bin/make -f &quot;/Users/bulut/CLionProjects/siyah1/Makefile&quot;  VERBOSE=1 &quot;$file&quot;"/>
					<Clean command="/usr/bin/make -f &quot;/Users/bulut/CLionProjects/siyah1/Makefile&quot;  VERBOSE=1 clean"/>
					<DistClean command="/usr/bin/make -f &quot;/Users/bulut/CLionProjects/siyah1/Makefile&quot;  VERBOSE=1 clean"/>
				</MakeCommands>
			</Target>
			<Target title="veli/fast">
				<Option output="/Users/bulut/CLionProjects/siyah1/veli" prefix_auto="0" extension_auto="0"/>
				<Option working_dir="/Users/bulut/CLionProjects/siyah1"/>
				<Option object_output="./"/>
				<Option type="1"/>
				<Option compiler="gcc"/>
				<Compiler/>
				<MakeCommands>
					<Build command="/usr/bin/make -f &quot;/Users/bulut/CLionProjects/siyah1/Makefile&quot;  VERBOSE=1 veli/fast"/>
					<CompileFile command="/usr/bin/make -f &quot;/Users/bulut/CLionProjects/siyah1/Makefile&quot;  VERBOSE=1 &quot;$file&quot;"/>
					<Clean command="/usr/bin/make -f &quot;/Users/bulut/CLionProjects/siyah1/Makefile&quot;  VERBOSE=1 clean"/>
					<DistClean command="/usr/bin/make -f &quot;/Users/bulut/CLionProjects/siyah1/Makefile&quot;  VERBOSE=1 clean"/>
				</MakeCommands>
			</Target>
			<Target title="siyah1">
				<Option output="/Users/bulut/CLionProjects/siyah1/siyah1" prefix_auto="0" extension_auto="0"/>
				<Option working_dir="/Users/bulut/CLionProjects/siyah1"/>
				<Option object_output="./"/>
				<Option type="1"/>
				<Option compiler="gcc"/>
				<Compiler/>
				<MakeCommands>
					<Build command="/usr/bin/make -f &quot;/Users/bulut/CLionProjects/siyah1/Makefile&quot;  VERBOSE=1 siyah1"/>
					<CompileFile command="/usr/bin/make -f &quot;/Users/bulut/CLionProjects/siyah1/Makefile&quot;  VERBOSE=1 &quot;$file&quot;"/>
					<Clean command="/usr/bin/make -f &quot;/Users/bulut/CLionProjects/siyah1/Makefile&quot;  VERBOSE=1 clean"/>
					<DistClean command="/usr/bin/make -f &quot;/Users/bulut/CLionProjects/siyah1/Makefile&quot;  VERBOSE=1 clean"/>
				</MakeCommands>
			</Target>
			<Target title="siyah1/fast">
				<Option output="/Users/bulut/CLionProjects/siyah1/siyah1" prefix_auto="0" extension_auto="0"/>
				<Option working_dir="/Users/bulut/CLionProjects/siyah1"/>
				<Option object_output="./"/>
				<Option type="1"/>
				<Option compiler="gcc"/>
				<Compiler/>
				<MakeCommands>
					<Build command="/usr/bin/make -f &quot;/Users/bulut/CLionProjects/siyah1/Makefile&quot;  VERBOSE=1 siyah1/fast"/>
					<CompileFile command="/usr/bin/make -f &quot;/Users/bulut/CLionProjects/siyah1/Makefile&quot;  VERBOSE=1 &quot;$file&quot;"/>
					<Clean command="/usr/bin/make -f &quot;/Users/bulut/CLionProjects/siyah1/Makefile&quot;  VERBOSE=1 clean"/>
					<DistClean command="/usr/bin/make -f &quot;/Users/bulut/CLionProjects/siyah1/Makefile&quot;  VERBOSE=1 clean"/>
				</MakeCommands>
			</Target>
		</Build>
		<Unit filename="/Users/bulut/CLionProjects/siyah1/lib/json.hpp">
			<Option target="veli"/>
			<Option target="siyah1"/>
		</Unit>
		<Unit filename="/Users/bulut/CLionProjects/siyah1/main.cpp">
			<Option target="siyah1"/>
		</Unit>
		<Unit filename="/Users/bulut/CLionProjects/siyah1/modules/JsonThreadedTCPServer.cpp">
			<Option target="siyah1"/>
		</Unit>
		<Unit filename="/Users/bulut/CLionProjects/siyah1/modules/JsonThreadedTCPServer.h">
			<Option target="siyah1"/>
		</Unit>
		<Unit filename="/Users/bulut/CLionProjects/siyah1/modules/ThreadedModule.cpp">
			<Option target="veli"/>
			<Option target="siyah1"/>
		</Unit>
		<Unit filename="/Users/bulut/CLionProjects/siyah1/modules/ThreadedModule.h">
			<Option target="veli"/>
			<Option target="siyah1"/>
		</Unit>
		<Unit filename="/Users/bulut/CLionProjects/siyah1/modules/ThreadedTCPClient.cpp">
			<Option target="siyah1"/>
		</Unit>
		<Unit filename="/Users/bulut/CLionProjects/siyah1/modules/ThreadedTCPClient.h">
			<Option target="siyah1"/>
		</Unit>
		<Unit filename="/Users/bulut/CLionProjects/siyah1/modules/ThreadedTCPServer.cpp">
			<Option target="veli"/>
			<Option target="siyah1"/>
		</Unit>
		<Unit filename="/Users/bulut/CLionProjects/siyah1/modules/ThreadedTCPServer.h">
			<Option target="veli"/>
			<Option target="siyah1"/>
		</Unit>
		<Unit filename="/Users/bulut/CLionProjects/siyah1/modules/ThreadedTCPServerKeepClientAlive.cpp">
			<Option target="veli"/>
		</Unit>
		<Unit filename="/Users/bulut/CLionProjects/siyah1/modules/ThreadedTCPServerKeepClientAlive.h">
			<Option target="veli"/>
		</Unit>
		<Unit filename="/Users/bulut/CLionProjects/siyah1/modules/components/CircularBuffer.h">
			<Option target="veli"/>
			<Option target="siyah1"/>
		</Unit>
		<Unit filename="/Users/bulut/CLionProjects/siyah1/modules/components/SafeQueue.h">
			<Option target="veli"/>
			<Option target="siyah1"/>
		</Unit>
		<Unit filename="/Users/bulut/CLionProjects/siyah1/modules/helpers/ParseHelper.h">
			<Option target="veli"/>
			<Option target="siyah1"/>
		</Unit>
		<Unit filename="/Users/bulut/CLionProjects/siyah1/veli.cpp">
			<Option target="veli"/>
		</Unit>
		<Unit filename="/Users/bulut/CLionProjects/siyah1/CMakeLists.txt">
			<Option virtualFolder="CMake Files\"/>
		</Unit>
	</Project>
</CodeBlocks_project_file>
